
Microsoft Visual Studio Solution File, Format Version 12.00
# Visual Studio Version 17
VisualStudioVersion = 17.14.36717.8 d17.14
MinimumVisualStudioVersion = 10.0.40219.1
Project("{FAE04EC0-301F-11D3-BF4B-00C04F79EFBC}") = "HireDesk Application", "HireDesk Application\HireDesk Application.csproj", "{E2D928F0-3D3D-4833-8C2C-43C9AA9D8AB1}"
EndProject
Global
	GlobalSection(SolutionConfigurationPlatforms) = preSolution
		Debug|Any CPU = Debug|Any CPU
		Release|Any CPU = Release|Any CPU
	EndGlobalSection
	GlobalSection(ProjectConfigurationPlatforms) = postSolution
		{E2D928F0-3D3D-4833-8C2C-43C9AA9D8AB1}.Debug|Any CPU.ActiveCfg = Debug|Any CPU
		{E2D928F0-3D3D-4833-8C2C-43C9AA9D8AB1}.Debug|Any CPU.Build.0 = Debug|Any CPU
		{E2D928F0-3D3D-4833-8C2C-43C9AA9D8AB1}.Release|Any CPU.ActiveCfg = Release|Any CPU
		{E2D928F0-3D3D-4833-8C2C-43C9AA9D8AB1}.Release|Any CPU.Build.0 = Release|Any CPU
	EndGlobalSection
	GlobalSection(SolutionProperties) = preSolution
		HideSolutionNode = FALSE
	EndGlobalSection
	GlobalSection(ExtensibilityGlobals) = postSolution
		SolutionGuid = {E20D1007-9C9B-4267-B047-E591B37A5664}
	EndGlobalSection
EndGlobal
